
Microsoft Visual Studio Solution File, Format Version 12.00
# Visual Studio Version 17
VisualStudioVersion = 17.10.35122.118
MinimumVisualStudioVersion = 10.0.40219.1
Project("{FAE04EC0-301F-11D3-BF4B-00C04F79EFBC}") = "Redbox.Tokenizer.Framework", "Redbox.Tokenizer.Framework\Redbox.Tokenizer.Framework.csproj", "{6BBC2C4D-A794-4FB8-BFFF-833BC8C8A88E}"
EndProject
Project("{FAE04EC0-301F-11D3-BF4B-00C04F79EFBC}") = "Redbox.Command.Tokenizer", "Redbox.Command.Tokenizer\Redbox.Command.Tokenizer.csproj", "{AF92788F-424A-4F08-B24B-665F2AB549D4}"
EndProject
Global
	GlobalSection(SolutionConfigurationPlatforms) = preSolution
		Debug|Any CPU = Debug|Any CPU
		Release|Any CPU = Release|Any CPU
	EndGlobalSection
	GlobalSection(ProjectConfigurationPlatforms) = postSolution
		{6BBC2C4D-A794-4FB8-BFFF-833BC8C8A88E}.Debug|Any CPU.ActiveCfg = Debug|Any CPU
		{6BBC2C4D-A794-4FB8-BFFF-833BC8C8A88E}.Debug|Any CPU.Build.0 = Debug|Any CPU
		{6BBC2C4D-A794-4FB8-BFFF-833BC8C8A88E}.Release|Any CPU.ActiveCfg = Release|Any CPU
		{6BBC2C4D-A794-4FB8-BFFF-833BC8C8A88E}.Release|Any CPU.Build.0 = Release|Any CPU
		{AF92788F-424A-4F08-B24B-665F2AB549D4}.Debug|Any CPU.ActiveCfg = Debug|Any CPU
		{AF92788F-424A-4F08-B24B-665F2AB549D4}.Debug|Any CPU.Build.0 = Debug|Any CPU
		{AF92788F-424A-4F08-B24B-665F2AB549D4}.Release|Any CPU.ActiveCfg = Release|Any CPU
		{AF92788F-424A-4F08-B24B-665F2AB549D4}.Release|Any CPU.Build.0 = Release|Any CPU
	EndGlobalSection
	GlobalSection(SolutionProperties) = preSolution
		HideSolutionNode = FALSE
	EndGlobalSection
	GlobalSection(ExtensibilityGlobals) = postSolution
		SolutionGuid = {074A7820-A476-40BD-BBE5-F0B2836DA561}
	EndGlobalSection
EndGlobal
