Microsoft Visual Studio Solution File, Format Version 12.00
# Visual Studio Version 17
VisualStudioVersion = 17.10.35122.118
MinimumVisualStudioVersion = 10.0.40219.1
Project("{FAE04EC0-301F-11D3-BF4B-00C04F79EFBC}") = "DeviceService.WebApi", "DeviceService.WebApi.csproj", "{D11A13BB-E621-48CF-9C1D-7C691409E35E}"
EndProject
Project("{9A19103F-16F7-4668-BE54-9A1E7A4F7556}") = "DeviceService.ComponentModel", "lib\DeviceService.ComponentModel\DeviceService.ComponentModel.csproj", "{28FC33C5-B6E0-4E72-87C6-3187C366514E}"
EndProject
Project("{9A19103F-16F7-4668-BE54-9A1E7A4F7556}") = "DeviceService.Client.Core", "lib\DeviceService.Client.Core\DeviceService.Client.Core.csproj", "{35C2A064-3E2C-4279-B019-CC985A0BE36F}"
EndProject
Project("{9A19103F-16F7-4668-BE54-9A1E7A4F7556}") = "DeviceService.Domain", "lib\DeviceService.Domain\DeviceService.Domain.csproj", "{B7D3FFE1-1DF8-4954-8FBB-EA3313784733}"
EndProject
Project("{9A19103F-16F7-4668-BE54-9A1E7A4F7556}") = "RBA_SDK_ComponentModel", "lib\RBA_SDK_ComponentModel\RBA_SDK_ComponentModel.csproj", "{F28A918F-F192-402C-8B32-A4471AB75627}"
EndProject
Project("{9A19103F-16F7-4668-BE54-9A1E7A4F7556}") = "RBA_SDK_STANDARD", "lib\RBA_SDK_STANDARD\RBA_SDK_STANDARD.csproj", "{C68E2FDA-0EC0-4397-8E9E-877361BD51DF}"
EndProject
Global
	GlobalSection(SolutionConfigurationPlatforms) = preSolution
		Debug|Any CPU = Debug|Any CPU
		Release|Any CPU = Release|Any CPU
	EndGlobalSection
	GlobalSection(ProjectConfigurationPlatforms) = postSolution
		{D11A13BB-E621-48CF-9C1D-7C691409E35E}.Debug|Any CPU.ActiveCfg = Debug|Any CPU
		{D11A13BB-E621-48CF-9C1D-7C691409E35E}.Debug|Any CPU.Build.0 = Debug|Any CPU
		{D11A13BB-E621-48CF-9C1D-7C691409E35E}.Release|Any CPU.ActiveCfg = Release|Any CPU
		{D11A13BB-E621-48CF-9C1D-7C691409E35E}.Release|Any CPU.Build.0 = Release|Any CPU
		{28FC33C5-B6E0-4E72-87C6-3187C366514E}.Debug|Any CPU.ActiveCfg = Debug|Any CPU
		{28FC33C5-B6E0-4E72-87C6-3187C366514E}.Debug|Any CPU.Build.0 = Debug|Any CPU
		{28FC33C5-B6E0-4E72-87C6-3187C366514E}.Release|Any CPU.ActiveCfg = Release|Any CPU
		{28FC33C5-B6E0-4E72-87C6-3187C366514E}.Release|Any CPU.Build.0 = Release|Any CPU
		{35C2A064-3E2C-4279-B019-CC985A0BE36F}.Debug|Any CPU.ActiveCfg = Debug|Any CPU
		{35C2A064-3E2C-4279-B019-CC985A0BE36F}.Debug|Any CPU.Build.0 = Debug|Any CPU
		{35C2A064-3E2C-4279-B019-CC985A0BE36F}.Release|Any CPU.ActiveCfg = Release|Any CPU
		{35C2A064-3E2C-4279-B019-CC985A0BE36F}.Release|Any CPU.Build.0 = Release|Any CPU
		{B7D3FFE1-1DF8-4954-8FBB-EA3313784733}.Debug|Any CPU.ActiveCfg = Debug|Any CPU
		{B7D3FFE1-1DF8-4954-8FBB-EA3313784733}.Debug|Any CPU.Build.0 = Debug|Any CPU
		{B7D3FFE1-1DF8-4954-8FBB-EA3313784733}.Release|Any CPU.ActiveCfg = Release|Any CPU
		{B7D3FFE1-1DF8-4954-8FBB-EA3313784733}.Release|Any CPU.Build.0 = Release|Any CPU
		{F28A918F-F192-402C-8B32-A4471AB75627}.Debug|Any CPU.ActiveCfg = Debug|Any CPU
		{F28A918F-F192-402C-8B32-A4471AB75627}.Debug|Any CPU.Build.0 = Debug|Any CPU
		{F28A918F-F192-402C-8B32-A4471AB75627}.Release|Any CPU.ActiveCfg = Release|Any CPU
		{F28A918F-F192-402C-8B32-A4471AB75627}.Release|Any CPU.Build.0 = Release|Any CPU
		{C68E2FDA-0EC0-4397-8E9E-877361BD51DF}.Debug|Any CPU.ActiveCfg = Debug|Any CPU
		{C68E2FDA-0EC0-4397-8E9E-877361BD51DF}.Debug|Any CPU.Build.0 = Debug|Any CPU
		{C68E2FDA-0EC0-4397-8E9E-877361BD51DF}.Release|Any CPU.ActiveCfg = Release|Any CPU
		{C68E2FDA-0EC0-4397-8E9E-877361BD51DF}.Release|Any CPU.Build.0 = Release|Any CPU
	EndGlobalSection
	GlobalSection(SolutionProperties) = preSolution
		HideSolutionNode = FALSE
	EndGlobalSection
	GlobalSection(ExtensibilityGlobals) = postSolution
		SolutionGuid = {EB31CF0A-FBB9-429A-8E5A-77EFACA9F1FB}
	EndGlobalSection
EndGlobal
