
Microsoft Visual Studio Solution File, Format Version 12.00
# Visual Studio Version 17
VisualStudioVersion = 17.10.35122.118
MinimumVisualStudioVersion = 10.0.40219.1
Project("{FAE04EC0-301F-11D3-BF4B-00C04F79EFBC}") = "Redbox.HAL.Component.Model", "Redbox.HAL.Component.Model\Redbox.HAL.Component.Model.csproj", "{86986977-3D6F-4F59-BC0C-D181E7C4D334}"
EndProject
Project("{FAE04EC0-301F-11D3-BF4B-00C04F79EFBC}") = "Redbox.HAL.Core", "Redbox.HAL.Core\Redbox.HAL.Core.csproj", "{3B256763-2065-4304-B9B8-299A882A16B4}"
EndProject
Project("{FAE04EC0-301F-11D3-BF4B-00C04F79EFBC}") = "Redbox.HAL.Configuration", "Redbox.HAL.Configuration\Redbox.HAL.Configuration.csproj", "{E54FA238-238A-42CE-A889-21031A2B2421}"
EndProject
Project("{FAE04EC0-301F-11D3-BF4B-00C04F79EFBC}") = "Redbox.HAL.Controller.Framework", "Redbox.HAL.Controller.Framework\Redbox.HAL.Controller.Framework.csproj", "{B035F721-581B-4296-8051-5D4C68279CA3}"
EndProject
Project("{FAE04EC0-301F-11D3-BF4B-00C04F79EFBC}") = "Redbox.HAL.DataMatrix.Framework", "Redbox.HAL.DataMatrix.Framework\Redbox.HAL.DataMatrix.Framework.csproj", "{ECA31A53-5557-4A9B-9A34-7A49732E3394}"
EndProject
Project("{FAE04EC0-301F-11D3-BF4B-00C04F79EFBC}") = "Redbox.HAL.IPC.Framework", "Redbox.HAL.IPC.Framework\Redbox.HAL.IPC.Framework.csproj", "{28C6831D-CC34-4324-9F51-8A637D28B809}"
EndProject
Project("{FAE04EC0-301F-11D3-BF4B-00C04F79EFBC}") = "Redbox.HAL.DataStorage", "Redbox.HAL.DataStorage\Redbox.HAL.DataStorage.csproj", "{BAD03277-D633-4999-9C35-EF62EBE5B614}"
EndProject
Project("{FAE04EC0-301F-11D3-BF4B-00C04F79EFBC}") = "Redbox.HAL.Script.Framework", "Redbox.HAL.Script.Framework\Redbox.HAL.Script.Framework.csproj", "{7259240F-F38C-429A-9D94-4C8022BEA34C}"
EndProject
Project("{FAE04EC0-301F-11D3-BF4B-00C04F79EFBC}") = "Redbox.HAL.Service.Framework", "Redbox.HAL.Service.Framework\Redbox.HAL.Service.Framework.csproj", "{F22A5668-106B-496F-BC31-87133FCE8D59}"
EndProject
Project("{FAE04EC0-301F-11D3-BF4B-00C04F79EFBC}") = "Redbox.HAL.Client", "Redbox.HAL.Client\Redbox.HAL.Client.csproj", "{55DBB4F4-0E91-401A-AFDB-37F5BDF4862A}"
EndProject
Project("{FAE04EC0-301F-11D3-BF4B-00C04F79EFBC}") = "Redbox.Compression", "..\Redbox.Compression\Redbox.Compression.csproj", "{E5B206DD-B03C-4C85-AF8E-F4849384CCA5}"
EndProject
Global
	GlobalSection(SolutionConfigurationPlatforms) = preSolution
		Debug|Any CPU = Debug|Any CPU
		Debug|x86 = Debug|x86
		Release|Any CPU = Release|Any CPU
		Release|x86 = Release|x86
	EndGlobalSection
	GlobalSection(ProjectConfigurationPlatforms) = postSolution
		{86986977-3D6F-4F59-BC0C-D181E7C4D334}.Debug|Any CPU.ActiveCfg = Debug|Any CPU
		{86986977-3D6F-4F59-BC0C-D181E7C4D334}.Debug|Any CPU.Build.0 = Debug|Any CPU
		{86986977-3D6F-4F59-BC0C-D181E7C4D334}.Debug|x86.ActiveCfg = Debug|x86
		{86986977-3D6F-4F59-BC0C-D181E7C4D334}.Debug|x86.Build.0 = Debug|x86
		{86986977-3D6F-4F59-BC0C-D181E7C4D334}.Release|Any CPU.ActiveCfg = Release|Any CPU
		{86986977-3D6F-4F59-BC0C-D181E7C4D334}.Release|Any CPU.Build.0 = Release|Any CPU
		{86986977-3D6F-4F59-BC0C-D181E7C4D334}.Release|x86.ActiveCfg = Release|x86
		{86986977-3D6F-4F59-BC0C-D181E7C4D334}.Release|x86.Build.0 = Release|x86
		{3B256763-2065-4304-B9B8-299A882A16B4}.Debug|Any CPU.ActiveCfg = Debug|Any CPU
		{3B256763-2065-4304-B9B8-299A882A16B4}.Debug|Any CPU.Build.0 = Debug|Any CPU
		{3B256763-2065-4304-B9B8-299A882A16B4}.Debug|x86.ActiveCfg = Debug|x86
		{3B256763-2065-4304-B9B8-299A882A16B4}.Debug|x86.Build.0 = Debug|x86
		{3B256763-2065-4304-B9B8-299A882A16B4}.Release|Any CPU.ActiveCfg = Release|Any CPU
		{3B256763-2065-4304-B9B8-299A882A16B4}.Release|Any CPU.Build.0 = Release|Any CPU
		{3B256763-2065-4304-B9B8-299A882A16B4}.Release|x86.ActiveCfg = Release|x86
		{3B256763-2065-4304-B9B8-299A882A16B4}.Release|x86.Build.0 = Release|x86
		{E54FA238-238A-42CE-A889-21031A2B2421}.Debug|Any CPU.ActiveCfg = Debug|Any CPU
		{E54FA238-238A-42CE-A889-21031A2B2421}.Debug|Any CPU.Build.0 = Debug|Any CPU
		{E54FA238-238A-42CE-A889-21031A2B2421}.Debug|x86.ActiveCfg = Debug|x86
		{E54FA238-238A-42CE-A889-21031A2B2421}.Debug|x86.Build.0 = Debug|x86
		{E54FA238-238A-42CE-A889-21031A2B2421}.Release|Any CPU.ActiveCfg = Release|Any CPU
		{E54FA238-238A-42CE-A889-21031A2B2421}.Release|Any CPU.Build.0 = Release|Any CPU
		{E54FA238-238A-42CE-A889-21031A2B2421}.Release|x86.ActiveCfg = Release|x86
		{E54FA238-238A-42CE-A889-21031A2B2421}.Release|x86.Build.0 = Release|x86
		{B035F721-581B-4296-8051-5D4C68279CA3}.Debug|Any CPU.ActiveCfg = Debug|Any CPU
		{B035F721-581B-4296-8051-5D4C68279CA3}.Debug|Any CPU.Build.0 = Debug|Any CPU
		{B035F721-581B-4296-8051-5D4C68279CA3}.Debug|x86.ActiveCfg = Debug|x86
		{B035F721-581B-4296-8051-5D4C68279CA3}.Debug|x86.Build.0 = Debug|x86
		{B035F721-581B-4296-8051-5D4C68279CA3}.Release|Any CPU.ActiveCfg = Release|Any CPU
		{B035F721-581B-4296-8051-5D4C68279CA3}.Release|Any CPU.Build.0 = Release|Any CPU
		{B035F721-581B-4296-8051-5D4C68279CA3}.Release|x86.ActiveCfg = Release|x86
		{B035F721-581B-4296-8051-5D4C68279CA3}.Release|x86.Build.0 = Release|x86
		{ECA31A53-5557-4A9B-9A34-7A49732E3394}.Debug|Any CPU.ActiveCfg = Debug|Any CPU
		{ECA31A53-5557-4A9B-9A34-7A49732E3394}.Debug|Any CPU.Build.0 = Debug|Any CPU
		{ECA31A53-5557-4A9B-9A34-7A49732E3394}.Debug|x86.ActiveCfg = Debug|Any CPU
		{ECA31A53-5557-4A9B-9A34-7A49732E3394}.Debug|x86.Build.0 = Debug|Any CPU
		{ECA31A53-5557-4A9B-9A34-7A49732E3394}.Release|Any CPU.ActiveCfg = Release|Any CPU
		{ECA31A53-5557-4A9B-9A34-7A49732E3394}.Release|Any CPU.Build.0 = Release|Any CPU
		{ECA31A53-5557-4A9B-9A34-7A49732E3394}.Release|x86.ActiveCfg = Release|Any CPU
		{ECA31A53-5557-4A9B-9A34-7A49732E3394}.Release|x86.Build.0 = Release|Any CPU
		{28C6831D-CC34-4324-9F51-8A637D28B809}.Debug|Any CPU.ActiveCfg = Debug|Any CPU
		{28C6831D-CC34-4324-9F51-8A637D28B809}.Debug|Any CPU.Build.0 = Debug|Any CPU
		{28C6831D-CC34-4324-9F51-8A637D28B809}.Debug|x86.ActiveCfg = Debug|Any CPU
		{28C6831D-CC34-4324-9F51-8A637D28B809}.Debug|x86.Build.0 = Debug|Any CPU
		{28C6831D-CC34-4324-9F51-8A637D28B809}.Release|Any CPU.ActiveCfg = Release|Any CPU
		{28C6831D-CC34-4324-9F51-8A637D28B809}.Release|Any CPU.Build.0 = Release|Any CPU
		{28C6831D-CC34-4324-9F51-8A637D28B809}.Release|x86.ActiveCfg = Release|Any CPU
		{28C6831D-CC34-4324-9F51-8A637D28B809}.Release|x86.Build.0 = Release|Any CPU
		{BAD03277-D633-4999-9C35-EF62EBE5B614}.Debug|Any CPU.ActiveCfg = Debug|Any CPU
		{BAD03277-D633-4999-9C35-EF62EBE5B614}.Debug|Any CPU.Build.0 = Debug|Any CPU
		{BAD03277-D633-4999-9C35-EF62EBE5B614}.Debug|x86.ActiveCfg = Debug|Any CPU
		{BAD03277-D633-4999-9C35-EF62EBE5B614}.Debug|x86.Build.0 = Debug|Any CPU
		{BAD03277-D633-4999-9C35-EF62EBE5B614}.Release|Any CPU.ActiveCfg = Release|Any CPU
		{BAD03277-D633-4999-9C35-EF62EBE5B614}.Release|Any CPU.Build.0 = Release|Any CPU
		{BAD03277-D633-4999-9C35-EF62EBE5B614}.Release|x86.ActiveCfg = Release|Any CPU
		{BAD03277-D633-4999-9C35-EF62EBE5B614}.Release|x86.Build.0 = Release|Any CPU
		{7259240F-F38C-429A-9D94-4C8022BEA34C}.Debug|Any CPU.ActiveCfg = Debug|Any CPU
		{7259240F-F38C-429A-9D94-4C8022BEA34C}.Debug|Any CPU.Build.0 = Debug|Any CPU
		{7259240F-F38C-429A-9D94-4C8022BEA34C}.Debug|x86.ActiveCfg = Debug|Any CPU
		{7259240F-F38C-429A-9D94-4C8022BEA34C}.Debug|x86.Build.0 = Debug|Any CPU
		{7259240F-F38C-429A-9D94-4C8022BEA34C}.Release|Any CPU.ActiveCfg = Release|Any CPU
		{7259240F-F38C-429A-9D94-4C8022BEA34C}.Release|Any CPU.Build.0 = Release|Any CPU
		{7259240F-F38C-429A-9D94-4C8022BEA34C}.Release|x86.ActiveCfg = Release|Any CPU
		{7259240F-F38C-429A-9D94-4C8022BEA34C}.Release|x86.Build.0 = Release|Any CPU
		{F22A5668-106B-496F-BC31-87133FCE8D59}.Debug|Any CPU.ActiveCfg = Debug|Any CPU
		{F22A5668-106B-496F-BC31-87133FCE8D59}.Debug|Any CPU.Build.0 = Debug|Any CPU
		{F22A5668-106B-496F-BC31-87133FCE8D59}.Debug|x86.ActiveCfg = Debug|Any CPU
		{F22A5668-106B-496F-BC31-87133FCE8D59}.Debug|x86.Build.0 = Debug|Any CPU
		{F22A5668-106B-496F-BC31-87133FCE8D59}.Release|Any CPU.ActiveCfg = Release|Any CPU
		{F22A5668-106B-496F-BC31-87133FCE8D59}.Release|Any CPU.Build.0 = Release|Any CPU
		{F22A5668-106B-496F-BC31-87133FCE8D59}.Release|x86.ActiveCfg = Release|Any CPU
		{F22A5668-106B-496F-BC31-87133FCE8D59}.Release|x86.Build.0 = Release|Any CPU
		{55DBB4F4-0E91-401A-AFDB-37F5BDF4862A}.Debug|Any CPU.ActiveCfg = Debug|Any CPU
		{55DBB4F4-0E91-401A-AFDB-37F5BDF4862A}.Debug|Any CPU.Build.0 = Debug|Any CPU
		{55DBB4F4-0E91-401A-AFDB-37F5BDF4862A}.Debug|x86.ActiveCfg = Debug|Any CPU
		{55DBB4F4-0E91-401A-AFDB-37F5BDF4862A}.Debug|x86.Build.0 = Debug|Any CPU
		{55DBB4F4-0E91-401A-AFDB-37F5BDF4862A}.Release|Any CPU.ActiveCfg = Release|Any CPU
		{55DBB4F4-0E91-401A-AFDB-37F5BDF4862A}.Release|Any CPU.Build.0 = Release|Any CPU
		{55DBB4F4-0E91-401A-AFDB-37F5BDF4862A}.Release|x86.ActiveCfg = Release|Any CPU
		{55DBB4F4-0E91-401A-AFDB-37F5BDF4862A}.Release|x86.Build.0 = Release|Any CPU
		{E5B206DD-B03C-4C85-AF8E-F4849384CCA5}.Debug|Any CPU.ActiveCfg = Debug|Any CPU
		{E5B206DD-B03C-4C85-AF8E-F4849384CCA5}.Debug|Any CPU.Build.0 = Debug|Any CPU
		{E5B206DD-B03C-4C85-AF8E-F4849384CCA5}.Debug|x86.ActiveCfg = Debug|Any CPU
		{E5B206DD-B03C-4C85-AF8E-F4849384CCA5}.Debug|x86.Build.0 = Debug|Any CPU
		{E5B206DD-B03C-4C85-AF8E-F4849384CCA5}.Release|Any CPU.ActiveCfg = Release|Any CPU
		{E5B206DD-B03C-4C85-AF8E-F4849384CCA5}.Release|Any CPU.Build.0 = Release|Any CPU
		{E5B206DD-B03C-4C85-AF8E-F4849384CCA5}.Release|x86.ActiveCfg = Release|Any CPU
		{E5B206DD-B03C-4C85-AF8E-F4849384CCA5}.Release|x86.Build.0 = Release|Any CPU
	EndGlobalSection
	GlobalSection(SolutionProperties) = preSolution
		HideSolutionNode = FALSE
	EndGlobalSection
	GlobalSection(ExtensibilityGlobals) = postSolution
		SolutionGuid = {413E313B-0FE9-46B0-9A55-84BADB7008D0}
	EndGlobalSection
EndGlobal
