Microsoft Visual Studio Solution File, Format Version 12.00
# Visual Studio Version 17
VisualStudioVersion = 17.10.35122.118
MinimumVisualStudioVersion = 10.0.40219.1
Project("{FAE04EC0-301F-11D3-BF4B-00C04F79EFBC}") = "Redbox.GetOpts", "Redbox.GetOpts.csproj", "{D2044B0B-636F-4CCF-846A-861EB34C81F3}"
EndProject
Project("{FAE04EC0-301F-11D3-BF4B-00C04F79EFBC}") = "Redbox.Core", "..\Redbox.Core\Redbox.Core.csproj", "{AF6CD734-BF15-4031-AE7A-4167E368475D}"
EndProject
Global
	GlobalSection(SolutionConfigurationPlatforms) = preSolution
		Debug|Any CPU = Debug|Any CPU
		Release|Any CPU = Release|Any CPU
	EndGlobalSection
	GlobalSection(ProjectConfigurationPlatforms) = postSolution
		{D2044B0B-636F-4CCF-846A-861EB34C81F3}.Debug|Any CPU.ActiveCfg = Debug|Any CPU
		{D2044B0B-636F-4CCF-846A-861EB34C81F3}.Debug|Any CPU.Build.0 = Debug|Any CPU
		{D2044B0B-636F-4CCF-846A-861EB34C81F3}.Release|Any CPU.ActiveCfg = Release|Any CPU
		{D2044B0B-636F-4CCF-846A-861EB34C81F3}.Release|Any CPU.Build.0 = Release|Any CPU
		{AF6CD734-BF15-4031-AE7A-4167E368475D}.Debug|Any CPU.ActiveCfg = Debug|Any CPU
		{AF6CD734-BF15-4031-AE7A-4167E368475D}.Debug|Any CPU.Build.0 = Debug|Any CPU
		{AF6CD734-BF15-4031-AE7A-4167E368475D}.Release|Any CPU.ActiveCfg = Release|Any CPU
		{AF6CD734-BF15-4031-AE7A-4167E368475D}.Release|Any CPU.Build.0 = Release|Any CPU
	EndGlobalSection
	GlobalSection(SolutionProperties) = preSolution
		HideSolutionNode = FALSE
	EndGlobalSection
EndGlobal
