Microsoft Visual Studio Solution File, Format Version 12.00
# Visual Studio Version 17
VisualStudioVersion = 17.10.35122.118
MinimumVisualStudioVersion = 10.0.40219.1
Project("{FAE04EC0-301F-11D3-BF4B-00C04F79EFBC}") = "DeviceService.ComponentModel", "..\DeviceService\DeviceService.ComponentModel\DeviceService.ComponentModel.csproj", "{626BF22F-7D57-A017-E5D6-1B31F16F3895}"
EndProject
Project("{2150E333-8FDC-42A3-9474-1A3956D46DE8}") = "Dependencies", "Dependencies", "{02EA681E-C7D8-13C7-8484-4AC65E1B71E8}"
EndProject
Project("{FAE04EC0-301F-11D3-BF4B-00C04F79EFBC}") = "Redbox.Core", "..\Redbox\Redbox.Core\Redbox.Core.csproj", "{AF6CD734-BF15-4031-AE7A-4167E368475D}"
EndProject
Project("{FAE04EC0-301F-11D3-BF4B-00C04F79EFBC}") = "Redbox.JSONPrettyPrinter", "..\Redbox\Redbox.JSONPrettyPrinter\Redbox.JSONPrettyPrinter.csproj", "{AFEE27AE-6377-4D11-872C-0A8CC800E059}"
EndProject
Project("{FAE04EC0-301F-11D3-BF4B-00C04F79EFBC}") = "Redbox.REDS.Framework", "..\Redbox\Redbox.REDS.Framework\Redbox.REDS.Framework.csproj", "{152499BB-21CF-427F-93AC-D1EFD0C77BA8}"
EndProject
Project("{FAE04EC0-301F-11D3-BF4B-00C04F79EFBC}") = "Redbox.KioskEngine.ComponentModel", "Redbox.KioskEngine.ComponentModel\Redbox.KioskEngine.ComponentModel.csproj", "{EB32034A-3C1F-40CC-96A0-4995D652FCAC}"
EndProject
Project("{FAE04EC0-301F-11D3-BF4B-00C04F79EFBC}") = "Redbox.KioskEngine.IDE", "Redbox.KioskEngine.IDE\Redbox.KioskEngine.IDE.csproj", "{36FC5937-6A7C-4188-8FD4-82E27D321FFC}"
EndProject
Project("{FAE04EC0-301F-11D3-BF4B-00C04F79EFBC}") = "Redbox.Lua", "..\Redbox\Redbox.Lua\Redbox.Lua.csproj", "{C6B8E189-1250-4F0D-8745-C4D3CE1A18DB}"
EndProject
Project("{FAE04EC0-301F-11D3-BF4B-00C04F79EFBC}") = "Redbox.KioskEngine.Environment", "Redbox.KioskEngine.Environment\Redbox.KioskEngine.Environment.csproj", "{486D393F-4D58-479B-8E6C-EE8648512592}"
EndProject
Project("{FAE04EC0-301F-11D3-BF4B-00C04F79EFBC}") = "Redbox.Controls", "..\Redbox\Redbox.Controls\Redbox.Controls.csproj", "{A9D2DD9C-F3C5-43BF-9AD9-A243519F9E25}"
EndProject
Project("{FAE04EC0-301F-11D3-BF4B-00C04F79EFBC}") = "Redbox.USB", "..\Redbox\Redbox.USB\Redbox.USB.csproj", "{0AD17B83-82F0-4290-AC4F-203FF9091D4E}"
EndProject
Project("{FAE04EC0-301F-11D3-BF4B-00C04F79EFBC}") = "Redbox.Rental.Model", "..\Redbox.Rental\Redbox.Rental.Model\Redbox.Rental.Model.csproj", "{9687A8D2-10F8-418D-B665-688BE17E22EE}"
EndProject
Project("{FAE04EC0-301F-11D3-BF4B-00C04F79EFBC}") = "Redbox.ProductLookupCatalog", "..\Redbox\Redbox.ProductLookupCatalog\Redbox.ProductLookupCatalog.csproj", "{DE2E9549-3113-4B03-95F9-F034BE9E9C23}"
EndProject
Project("{FAE04EC0-301F-11D3-BF4B-00C04F79EFBC}") = "Redbox.HardwareServices.Proxy.ComponentModel", "..\Redbox.HardwareServices\Redbox.HardwareServices.Proxy.ComponentModel\Redbox.HardwareServices.Proxy.ComponentModel.csproj", "{3AB877A4-15A5-4EAD-AF03-177CEE191F9B}"
EndProject
Project("{FAE04EC0-301F-11D3-BF4B-00C04F79EFBC}") = "DeviceService.Client", "..\DeviceService\DeviceService.Client\DeviceService.Client.csproj", "{C86901E1-892E-44A6-A0BE-69B5E9364000}"
EndProject
Project("{FAE04EC0-301F-11D3-BF4B-00C04F79EFBC}") = "Redbox.Macros", "..\Redbox\Redbox.Macros\Redbox.Macros.csproj", "{8F8DFB5F-7E7D-4DFC-817E-80CD2AF6CB68}"
EndProject
Global
	GlobalSection(SolutionConfigurationPlatforms) = preSolution
		Debug|Any CPU = Debug|Any CPU
		Release|Any CPU = Release|Any CPU
	EndGlobalSection
	GlobalSection(ProjectConfigurationPlatforms) = postSolution
		{626BF22F-7D57-A017-E5D6-1B31F16F3895}.Debug|Any CPU.ActiveCfg = Debug|Any CPU
		{626BF22F-7D57-A017-E5D6-1B31F16F3895}.Debug|Any CPU.Build.0 = Debug|Any CPU
		{626BF22F-7D57-A017-E5D6-1B31F16F3895}.Release|Any CPU.ActiveCfg = Release|Any CPU
		{626BF22F-7D57-A017-E5D6-1B31F16F3895}.Release|Any CPU.Build.0 = Release|Any CPU
		{AF6CD734-BF15-4031-AE7A-4167E368475D}.Debug|Any CPU.ActiveCfg = Debug|Any CPU
		{AF6CD734-BF15-4031-AE7A-4167E368475D}.Debug|Any CPU.Build.0 = Debug|Any CPU
		{AF6CD734-BF15-4031-AE7A-4167E368475D}.Release|Any CPU.ActiveCfg = Release|Any CPU
		{AF6CD734-BF15-4031-AE7A-4167E368475D}.Release|Any CPU.Build.0 = Release|Any CPU
		{AFEE27AE-6377-4D11-872C-0A8CC800E059}.Debug|Any CPU.ActiveCfg = Debug|Any CPU
		{AFEE27AE-6377-4D11-872C-0A8CC800E059}.Debug|Any CPU.Build.0 = Debug|Any CPU
		{AFEE27AE-6377-4D11-872C-0A8CC800E059}.Release|Any CPU.ActiveCfg = Release|Any CPU
		{AFEE27AE-6377-4D11-872C-0A8CC800E059}.Release|Any CPU.Build.0 = Release|Any CPU
		{152499BB-21CF-427F-93AC-D1EFD0C77BA8}.Debug|Any CPU.ActiveCfg = Debug|Any CPU
		{152499BB-21CF-427F-93AC-D1EFD0C77BA8}.Debug|Any CPU.Build.0 = Debug|Any CPU
		{152499BB-21CF-427F-93AC-D1EFD0C77BA8}.Release|Any CPU.ActiveCfg = Release|Any CPU
		{152499BB-21CF-427F-93AC-D1EFD0C77BA8}.Release|Any CPU.Build.0 = Release|Any CPU
		{EB32034A-3C1F-40CC-96A0-4995D652FCAC}.Debug|Any CPU.ActiveCfg = Debug|Any CPU
		{EB32034A-3C1F-40CC-96A0-4995D652FCAC}.Debug|Any CPU.Build.0 = Debug|Any CPU
		{EB32034A-3C1F-40CC-96A0-4995D652FCAC}.Release|Any CPU.ActiveCfg = Release|Any CPU
		{EB32034A-3C1F-40CC-96A0-4995D652FCAC}.Release|Any CPU.Build.0 = Release|Any CPU
		{36FC5937-6A7C-4188-8FD4-82E27D321FFC}.Debug|Any CPU.ActiveCfg = Debug|Any CPU
		{36FC5937-6A7C-4188-8FD4-82E27D321FFC}.Debug|Any CPU.Build.0 = Debug|Any CPU
		{36FC5937-6A7C-4188-8FD4-82E27D321FFC}.Release|Any CPU.ActiveCfg = Release|Any CPU
		{36FC5937-6A7C-4188-8FD4-82E27D321FFC}.Release|Any CPU.Build.0 = Release|Any CPU
		{C6B8E189-1250-4F0D-8745-C4D3CE1A18DB}.Debug|Any CPU.ActiveCfg = Debug|Any CPU
		{C6B8E189-1250-4F0D-8745-C4D3CE1A18DB}.Debug|Any CPU.Build.0 = Debug|Any CPU
		{C6B8E189-1250-4F0D-8745-C4D3CE1A18DB}.Release|Any CPU.ActiveCfg = Release|Any CPU
		{C6B8E189-1250-4F0D-8745-C4D3CE1A18DB}.Release|Any CPU.Build.0 = Release|Any CPU
		{486D393F-4D58-479B-8E6C-EE8648512592}.Debug|Any CPU.ActiveCfg = Debug|Any CPU
		{486D393F-4D58-479B-8E6C-EE8648512592}.Debug|Any CPU.Build.0 = Debug|Any CPU
		{486D393F-4D58-479B-8E6C-EE8648512592}.Release|Any CPU.ActiveCfg = Release|Any CPU
		{486D393F-4D58-479B-8E6C-EE8648512592}.Release|Any CPU.Build.0 = Release|Any CPU
		{A9D2DD9C-F3C5-43BF-9AD9-A243519F9E25}.Debug|Any CPU.ActiveCfg = Debug|Any CPU
		{A9D2DD9C-F3C5-43BF-9AD9-A243519F9E25}.Debug|Any CPU.Build.0 = Debug|Any CPU
		{A9D2DD9C-F3C5-43BF-9AD9-A243519F9E25}.Release|Any CPU.ActiveCfg = Release|Any CPU
		{A9D2DD9C-F3C5-43BF-9AD9-A243519F9E25}.Release|Any CPU.Build.0 = Release|Any CPU
		{0AD17B83-82F0-4290-AC4F-203FF9091D4E}.Debug|Any CPU.ActiveCfg = Debug|Any CPU
		{0AD17B83-82F0-4290-AC4F-203FF9091D4E}.Debug|Any CPU.Build.0 = Debug|Any CPU
		{0AD17B83-82F0-4290-AC4F-203FF9091D4E}.Release|Any CPU.ActiveCfg = Release|Any CPU
		{0AD17B83-82F0-4290-AC4F-203FF9091D4E}.Release|Any CPU.Build.0 = Release|Any CPU
		{9687A8D2-10F8-418D-B665-688BE17E22EE}.Debug|Any CPU.ActiveCfg = Debug|Any CPU
		{9687A8D2-10F8-418D-B665-688BE17E22EE}.Debug|Any CPU.Build.0 = Debug|Any CPU
		{9687A8D2-10F8-418D-B665-688BE17E22EE}.Release|Any CPU.ActiveCfg = Release|Any CPU
		{9687A8D2-10F8-418D-B665-688BE17E22EE}.Release|Any CPU.Build.0 = Release|Any CPU
		{DE2E9549-3113-4B03-95F9-F034BE9E9C23}.Debug|Any CPU.ActiveCfg = Debug|Any CPU
		{DE2E9549-3113-4B03-95F9-F034BE9E9C23}.Debug|Any CPU.Build.0 = Debug|Any CPU
		{DE2E9549-3113-4B03-95F9-F034BE9E9C23}.Release|Any CPU.ActiveCfg = Release|Any CPU
		{DE2E9549-3113-4B03-95F9-F034BE9E9C23}.Release|Any CPU.Build.0 = Release|Any CPU
		{3AB877A4-15A5-4EAD-AF03-177CEE191F9B}.Debug|Any CPU.ActiveCfg = Debug|Any CPU
		{3AB877A4-15A5-4EAD-AF03-177CEE191F9B}.Debug|Any CPU.Build.0 = Debug|Any CPU
		{3AB877A4-15A5-4EAD-AF03-177CEE191F9B}.Release|Any CPU.ActiveCfg = Release|Any CPU
		{3AB877A4-15A5-4EAD-AF03-177CEE191F9B}.Release|Any CPU.Build.0 = Release|Any CPU
		{C86901E1-892E-44A6-A0BE-69B5E9364000}.Debug|Any CPU.ActiveCfg = Debug|Any CPU
		{C86901E1-892E-44A6-A0BE-69B5E9364000}.Debug|Any CPU.Build.0 = Debug|Any CPU
		{C86901E1-892E-44A6-A0BE-69B5E9364000}.Release|Any CPU.ActiveCfg = Release|Any CPU
		{C86901E1-892E-44A6-A0BE-69B5E9364000}.Release|Any CPU.Build.0 = Release|Any CPU
		{8F8DFB5F-7E7D-4DFC-817E-80CD2AF6CB68}.Debug|Any CPU.ActiveCfg = Debug|Any CPU
		{8F8DFB5F-7E7D-4DFC-817E-80CD2AF6CB68}.Debug|Any CPU.Build.0 = Debug|Any CPU
		{8F8DFB5F-7E7D-4DFC-817E-80CD2AF6CB68}.Release|Any CPU.ActiveCfg = Release|Any CPU
		{8F8DFB5F-7E7D-4DFC-817E-80CD2AF6CB68}.Release|Any CPU.Build.0 = Release|Any CPU
	EndGlobalSection
	GlobalSection(SolutionProperties) = preSolution
		HideSolutionNode = FALSE
	EndGlobalSection
	GlobalSection(NestedProjects) = preSolution
		{626BF22F-7D57-A017-E5D6-1B31F16F3895} = {02EA681E-C7D8-13C7-8484-4AC65E1B71E8}
		{AF6CD734-BF15-4031-AE7A-4167E368475D} = {02EA681E-C7D8-13C7-8484-4AC65E1B71E8}
		{AFEE27AE-6377-4D11-872C-0A8CC800E059} = {02EA681E-C7D8-13C7-8484-4AC65E1B71E8}
		{152499BB-21CF-427F-93AC-D1EFD0C77BA8} = {02EA681E-C7D8-13C7-8484-4AC65E1B71E8}
		{C6B8E189-1250-4F0D-8745-C4D3CE1A18DB} = {02EA681E-C7D8-13C7-8484-4AC65E1B71E8}
		{A9D2DD9C-F3C5-43BF-9AD9-A243519F9E25} = {02EA681E-C7D8-13C7-8484-4AC65E1B71E8}
		{0AD17B83-82F0-4290-AC4F-203FF9091D4E} = {02EA681E-C7D8-13C7-8484-4AC65E1B71E8}
		{9687A8D2-10F8-418D-B665-688BE17E22EE} = {02EA681E-C7D8-13C7-8484-4AC65E1B71E8}
		{DE2E9549-3113-4B03-95F9-F034BE9E9C23} = {02EA681E-C7D8-13C7-8484-4AC65E1B71E8}
		{3AB877A4-15A5-4EAD-AF03-177CEE191F9B} = {02EA681E-C7D8-13C7-8484-4AC65E1B71E8}
		{C86901E1-892E-44A6-A0BE-69B5E9364000} = {02EA681E-C7D8-13C7-8484-4AC65E1B71E8}
		{8F8DFB5F-7E7D-4DFC-817E-80CD2AF6CB68} = {02EA681E-C7D8-13C7-8484-4AC65E1B71E8}
	EndGlobalSection
	GlobalSection(ExtensibilityGlobals) = postSolution
		SolutionGuid = {BE8358FC-0BD2-48F7-AA31-B908BD62B06B}
	EndGlobalSection
EndGlobal
