Microsoft Visual Studio Solution File, Format Version 12.00
# Visual Studio Version 17
VisualStudioVersion = 17.10.35122.118
MinimumVisualStudioVersion = 10.0.40219.1
Project("{FAE04EC0-301F-11D3-BF4B-00C04F79EFBC}") = "halmgmtc", "halmgmtc.csproj", "{81990C2C-3074-490D-8332-BE4215E2364A}"
EndProject
Project("{FAE04EC0-301F-11D3-BF4B-00C04F79EFBC}") = "Redbox.HAL.Component.Model", "..\..\Redbox.HAL\Redbox.HAL.Component.Model\Redbox.HAL.Component.Model.csproj", "{86986977-3D6F-4F59-BC0C-D181E7C4D334}"
EndProject
Project("{FAE04EC0-301F-11D3-BF4B-00C04F79EFBC}") = "Redbox.HAL.Configuration", "..\..\Redbox.HAL\Redbox.HAL.Configuration\Redbox.HAL.Configuration.csproj", "{E54FA238-238A-42CE-A889-21031A2B2421}"
EndProject
Project("{FAE04EC0-301F-11D3-BF4B-00C04F79EFBC}") = "Redbox.HAL.Core", "..\..\Redbox.HAL\Redbox.HAL.Core\Redbox.HAL.Core.csproj", "{3B256763-2065-4304-B9B8-299A882A16B4}"
EndProject
Project("{FAE04EC0-301F-11D3-BF4B-00C04F79EFBC}") = "Redbox.HAL.IPC.Framework", "..\..\Redbox.HAL\Redbox.HAL.IPC.Framework\Redbox.HAL.IPC.Framework.csproj", "{28C6831D-CC34-4324-9F51-8A637D28B809}"
EndProject
Project("{FAE04EC0-301F-11D3-BF4B-00C04F79EFBC}") = "Redbox.Compression", "..\..\Redbox\Redbox.Compression\Redbox.Compression.csproj", "{E5B206DD-B03C-4C85-AF8E-F4849384CCA5}"
EndProject
Project("{FAE04EC0-301F-11D3-BF4B-00C04F79EFBC}") = "Redbox.HAL.Client", "..\..\Redbox.HAL\Redbox.HAL.Client\Redbox.HAL.Client.csproj", "{55DBB4F4-0E91-401A-AFDB-37F5BDF4862A}"
EndProject
Global
	GlobalSection(SolutionConfigurationPlatforms) = preSolution
		Debug|Any CPU = Debug|Any CPU
		Debug|x86 = Debug|x86
		Release|Any CPU = Release|Any CPU
		Release|x86 = Release|x86
	EndGlobalSection
	GlobalSection(ProjectConfigurationPlatforms) = postSolution
		{81990C2C-3074-490D-8332-BE4215E2364A}.Debug|Any CPU.ActiveCfg = Debug|Any CPU
		{81990C2C-3074-490D-8332-BE4215E2364A}.Debug|Any CPU.Build.0 = Debug|Any CPU
		{81990C2C-3074-490D-8332-BE4215E2364A}.Debug|x86.ActiveCfg = Debug|Any CPU
		{81990C2C-3074-490D-8332-BE4215E2364A}.Debug|x86.Build.0 = Debug|Any CPU
		{81990C2C-3074-490D-8332-BE4215E2364A}.Release|Any CPU.ActiveCfg = Release|Any CPU
		{81990C2C-3074-490D-8332-BE4215E2364A}.Release|Any CPU.Build.0 = Release|Any CPU
		{81990C2C-3074-490D-8332-BE4215E2364A}.Release|x86.ActiveCfg = Release|Any CPU
		{81990C2C-3074-490D-8332-BE4215E2364A}.Release|x86.Build.0 = Release|Any CPU
		{86986977-3D6F-4F59-BC0C-D181E7C4D334}.Debug|Any CPU.ActiveCfg = Debug|Any CPU
		{86986977-3D6F-4F59-BC0C-D181E7C4D334}.Debug|Any CPU.Build.0 = Debug|Any CPU
		{86986977-3D6F-4F59-BC0C-D181E7C4D334}.Debug|x86.ActiveCfg = Debug|x86
		{86986977-3D6F-4F59-BC0C-D181E7C4D334}.Debug|x86.Build.0 = Debug|x86
		{86986977-3D6F-4F59-BC0C-D181E7C4D334}.Release|Any CPU.ActiveCfg = Release|Any CPU
		{86986977-3D6F-4F59-BC0C-D181E7C4D334}.Release|Any CPU.Build.0 = Release|Any CPU
		{86986977-3D6F-4F59-BC0C-D181E7C4D334}.Release|x86.ActiveCfg = Release|x86
		{86986977-3D6F-4F59-BC0C-D181E7C4D334}.Release|x86.Build.0 = Release|x86
		{E54FA238-238A-42CE-A889-21031A2B2421}.Debug|Any CPU.ActiveCfg = Debug|Any CPU
		{E54FA238-238A-42CE-A889-21031A2B2421}.Debug|Any CPU.Build.0 = Debug|Any CPU
		{E54FA238-238A-42CE-A889-21031A2B2421}.Debug|x86.ActiveCfg = Debug|x86
		{E54FA238-238A-42CE-A889-21031A2B2421}.Debug|x86.Build.0 = Debug|x86
		{E54FA238-238A-42CE-A889-21031A2B2421}.Release|Any CPU.ActiveCfg = Release|Any CPU
		{E54FA238-238A-42CE-A889-21031A2B2421}.Release|Any CPU.Build.0 = Release|Any CPU
		{E54FA238-238A-42CE-A889-21031A2B2421}.Release|x86.ActiveCfg = Release|x86
		{E54FA238-238A-42CE-A889-21031A2B2421}.Release|x86.Build.0 = Release|x86
		{3B256763-2065-4304-B9B8-299A882A16B4}.Debug|Any CPU.ActiveCfg = Debug|Any CPU
		{3B256763-2065-4304-B9B8-299A882A16B4}.Debug|Any CPU.Build.0 = Debug|Any CPU
		{3B256763-2065-4304-B9B8-299A882A16B4}.Debug|x86.ActiveCfg = Debug|x86
		{3B256763-2065-4304-B9B8-299A882A16B4}.Debug|x86.Build.0 = Debug|x86
		{3B256763-2065-4304-B9B8-299A882A16B4}.Release|Any CPU.ActiveCfg = Release|Any CPU
		{3B256763-2065-4304-B9B8-299A882A16B4}.Release|Any CPU.Build.0 = Release|Any CPU
		{3B256763-2065-4304-B9B8-299A882A16B4}.Release|x86.ActiveCfg = Release|x86
		{3B256763-2065-4304-B9B8-299A882A16B4}.Release|x86.Build.0 = Release|x86
		{28C6831D-CC34-4324-9F51-8A637D28B809}.Debug|Any CPU.ActiveCfg = Debug|Any CPU
		{28C6831D-CC34-4324-9F51-8A637D28B809}.Debug|Any CPU.Build.0 = Debug|Any CPU
		{28C6831D-CC34-4324-9F51-8A637D28B809}.Debug|x86.ActiveCfg = Debug|Any CPU
		{28C6831D-CC34-4324-9F51-8A637D28B809}.Debug|x86.Build.0 = Debug|Any CPU
		{28C6831D-CC34-4324-9F51-8A637D28B809}.Release|Any CPU.ActiveCfg = Release|Any CPU
		{28C6831D-CC34-4324-9F51-8A637D28B809}.Release|Any CPU.Build.0 = Release|Any CPU
		{28C6831D-CC34-4324-9F51-8A637D28B809}.Release|x86.ActiveCfg = Release|Any CPU
		{28C6831D-CC34-4324-9F51-8A637D28B809}.Release|x86.Build.0 = Release|Any CPU
		{E5B206DD-B03C-4C85-AF8E-F4849384CCA5}.Debug|Any CPU.ActiveCfg = Debug|Any CPU
		{E5B206DD-B03C-4C85-AF8E-F4849384CCA5}.Debug|Any CPU.Build.0 = Debug|Any CPU
		{E5B206DD-B03C-4C85-AF8E-F4849384CCA5}.Debug|x86.ActiveCfg = Debug|Any CPU
		{E5B206DD-B03C-4C85-AF8E-F4849384CCA5}.Debug|x86.Build.0 = Debug|Any CPU
		{E5B206DD-B03C-4C85-AF8E-F4849384CCA5}.Release|Any CPU.ActiveCfg = Release|Any CPU
		{E5B206DD-B03C-4C85-AF8E-F4849384CCA5}.Release|Any CPU.Build.0 = Release|Any CPU
		{E5B206DD-B03C-4C85-AF8E-F4849384CCA5}.Release|x86.ActiveCfg = Release|Any CPU
		{E5B206DD-B03C-4C85-AF8E-F4849384CCA5}.Release|x86.Build.0 = Release|Any CPU
		{55DBB4F4-0E91-401A-AFDB-37F5BDF4862A}.Debug|Any CPU.ActiveCfg = Debug|Any CPU
		{55DBB4F4-0E91-401A-AFDB-37F5BDF4862A}.Debug|Any CPU.Build.0 = Debug|Any CPU
		{55DBB4F4-0E91-401A-AFDB-37F5BDF4862A}.Debug|x86.ActiveCfg = Debug|Any CPU
		{55DBB4F4-0E91-401A-AFDB-37F5BDF4862A}.Debug|x86.Build.0 = Debug|Any CPU
		{55DBB4F4-0E91-401A-AFDB-37F5BDF4862A}.Release|Any CPU.ActiveCfg = Release|Any CPU
		{55DBB4F4-0E91-401A-AFDB-37F5BDF4862A}.Release|Any CPU.Build.0 = Release|Any CPU
		{55DBB4F4-0E91-401A-AFDB-37F5BDF4862A}.Release|x86.ActiveCfg = Release|Any CPU
		{55DBB4F4-0E91-401A-AFDB-37F5BDF4862A}.Release|x86.Build.0 = Release|Any CPU
	EndGlobalSection
	GlobalSection(SolutionProperties) = preSolution
		HideSolutionNode = FALSE
	EndGlobalSection
	GlobalSection(ExtensibilityGlobals) = postSolution
		SolutionGuid = {D25E8F3B-A4C3-423D-A910-2C3888867ED2}
	EndGlobalSection
EndGlobal
