Microsoft Visual Studio Solution File, Format Version 12.00
# Visual Studio Version 17
VisualStudioVersion = 17.10.35122.118
MinimumVisualStudioVersion = 10.0.40219.1
Project("{FAE04EC0-301F-11D3-BF4B-00C04F79EFBC}") = "RBA_SDK_STANDARD", "RBA_SDK_STANDARD.csproj", "{AA7C9556-378C-4708-BC01-A63B40419A7A}"
EndProject
Project("{9A19103F-16F7-4668-BE54-9A1E7A4F7556}") = "RBA_SDK_ComponentModel", "lib\RBA_SDK_ComponentModel\RBA_SDK_ComponentModel.csproj", "{A87A32A9-3208-45FC-BA6A-2AA7B1B13B10}"
EndProject
Global
	GlobalSection(SolutionConfigurationPlatforms) = preSolution
		Debug|Any CPU = Debug|Any CPU
		Release|Any CPU = Release|Any CPU
	EndGlobalSection
	GlobalSection(ProjectConfigurationPlatforms) = postSolution
		{AA7C9556-378C-4708-BC01-A63B40419A7A}.Debug|Any CPU.ActiveCfg = Debug|Any CPU
		{AA7C9556-378C-4708-BC01-A63B40419A7A}.Debug|Any CPU.Build.0 = Debug|Any CPU
		{AA7C9556-378C-4708-BC01-A63B40419A7A}.Release|Any CPU.ActiveCfg = Release|Any CPU
		{AA7C9556-378C-4708-BC01-A63B40419A7A}.Release|Any CPU.Build.0 = Release|Any CPU
		{A87A32A9-3208-45FC-BA6A-2AA7B1B13B10}.Debug|Any CPU.ActiveCfg = Debug|Any CPU
		{A87A32A9-3208-45FC-BA6A-2AA7B1B13B10}.Debug|Any CPU.Build.0 = Debug|Any CPU
		{A87A32A9-3208-45FC-BA6A-2AA7B1B13B10}.Release|Any CPU.ActiveCfg = Release|Any CPU
		{A87A32A9-3208-45FC-BA6A-2AA7B1B13B10}.Release|Any CPU.Build.0 = Release|Any CPU
	EndGlobalSection
	GlobalSection(SolutionProperties) = preSolution
		HideSolutionNode = FALSE
	EndGlobalSection
	GlobalSection(ExtensibilityGlobals) = postSolution
		SolutionGuid = {1799F9B5-B859-4D1B-8DD2-0A1AEE9FCFCF}
	EndGlobalSection
EndGlobal
