Microsoft Visual Studio Solution File, Format Version 12.00
# Visual Studio Version 17
VisualStudioVersion = 17.10.35122.118
MinimumVisualStudioVersion = 10.0.40219.1
Project("{FAE04EC0-301F-11D3-BF4B-00C04F79EFBC}") = "Redbox.Log.Framework", "Redbox\Redbox.Log.Framework\Redbox.Log.Framework.csproj", "{A1FD9D99-4564-4BA8-9EB7-80DD8100B357}"
EndProject
Project("{FAE04EC0-301F-11D3-BF4B-00C04F79EFBC}") = "Redbox.Core", "..\Redbox\Redbox.Core\Redbox.Core.csproj", "{AF6CD734-BF15-4031-AE7A-4167E368475D}"
EndProject
Global
	GlobalSection(SolutionConfigurationPlatforms) = preSolution
		Debug|Any CPU = Debug|Any CPU
		Release|Any CPU = Release|Any CPU
	EndGlobalSection
	GlobalSection(ProjectConfigurationPlatforms) = postSolution
		{A1FD9D99-4564-4BA8-9EB7-80DD8100B357}.Debug|Any CPU.ActiveCfg = Debug|Any CPU
		{A1FD9D99-4564-4BA8-9EB7-80DD8100B357}.Debug|Any CPU.Build.0 = Debug|Any CPU
		{A1FD9D99-4564-4BA8-9EB7-80DD8100B357}.Release|Any CPU.ActiveCfg = Release|Any CPU
		{A1FD9D99-4564-4BA8-9EB7-80DD8100B357}.Release|Any CPU.Build.0 = Release|Any CPU
		{AF6CD734-BF15-4031-AE7A-4167E368475D}.Debug|Any CPU.ActiveCfg = Debug|Any CPU
		{AF6CD734-BF15-4031-AE7A-4167E368475D}.Debug|Any CPU.Build.0 = Debug|Any CPU
		{AF6CD734-BF15-4031-AE7A-4167E368475D}.Release|Any CPU.ActiveCfg = Release|Any CPU
		{AF6CD734-BF15-4031-AE7A-4167E368475D}.Release|Any CPU.Build.0 = Release|Any CPU
	EndGlobalSection
	GlobalSection(SolutionProperties) = preSolution
		HideSolutionNode = FALSE
	EndGlobalSection
EndGlobal
